
Microsoft Visual Studio Solution File, Format Version 12.00
# Visual Studio Version 17
VisualStudioVersion = 17.4.33213.308
MinimumVisualStudioVersion = 10.0.40219.1
Project("{FAE04EC0-301F-11D3-BF4B-00C04F79EFBC}") = "API", "API\API.csproj", "{F53132E5-AEB9-4B78-9B93-F6764192D4EA}"
EndProject
Global
	GlobalSection(SolutionConfigurationPlatforms) = preSolution
		Debug|Any CPU = Debug|Any CPU
		Release|Any CPU = Release|Any CPU
	EndGlobalSection
	GlobalSection(ProjectConfigurationPlatforms) = postSolution
		{F53132E5-AEB9-4B78-9B93-F6764192D4EA}.Debug|Any CPU.ActiveCfg = Debug|Any CPU
		{F53132E5-AEB9-4B78-9B93-F6764192D4EA}.Debug|Any CPU.Build.0 = Debug|Any CPU
		{F53132E5-AEB9-4B78-9B93-F6764192D4EA}.Release|Any CPU.ActiveCfg = Release|Any CPU
		{F53132E5-AEB9-4B78-9B93-F6764192D4EA}.Release|Any CPU.Build.0 = Release|Any CPU
	EndGlobalSection
	GlobalSection(SolutionProperties) = preSolution
		HideSolutionNode = FALSE
	EndGlobalSection
	GlobalSection(ExtensibilityGlobals) = postSolution
		SolutionGuid = {B175AEEE-A083-4F87-B125-050337113281}
	EndGlobalSection
EndGlobal
